// !$*UTF8*$!
{
	archiveVersion = 1;
	classes = {
	};
	objectVersion = 77;
	objects = {

/* Begin PBXContainerItemProxy section */
		98880B332DCA5C77007D255F /* PBXContainerItemProxy */ = {
			isa = PBXContainerItemProxy;
			containerPortal = 98880B172DCA5C74007D255F /* Project object */;
			proxyType = 1;
			remoteGlobalIDString = 98880B1E2DCA5C74007D255F;
			remoteInfo = pressbox;
		};
		98880B3D2DCA5C77007D255F /* PBXContainerItemProxy */ = {
			isa = PBXContainerItemProxy;
			containerPortal = 98880B172DCA5C74007D255F /* Project object */;
			proxyType = 1;
			remoteGlobalIDString = 98880B1E2DCA5C74007D255F;
			remoteInfo = pressbox;
		};
/* End PBXContainerItemProxy section */

/* Begin PBXFileReference section */
		98880B1F2DCA5C74007D255F /* pressbox.app */ = {isa = PBXFileReference; explicitFileType = wrapper.application; includeInIndex = 0; path = pressbox.app; sourceTree = BUILT_PRODUCTS_DIR; };
		98880B322DCA5C77007D255F /* pressboxTests.xctest */ = {isa = PBXFileReference; explicitFileType = wrapper.cfbundle; includeInIndex = 0; path = pressboxTests.xctest; sourceTree = BUILT_PRODUCTS_DIR; };
		98880B3C2DCA5C77007D255F /* pressboxUITests.xctest */ = {isa = PBXFileReference; explicitFileType = wrapper.cfbundle; includeInIndex = 0; path = pressboxUITests.xctest; sourceTree = BUILT_PRODUCTS_DIR; };
/* End PBXFileReference section */

/* Begin PBXFileSystemSynchronizedRootGroup section */
		98880B212DCA5C74007D255F /* pressbox */ = {
			isa = PBXFileSystemSynchronizedRootGroup;
			path = pressbox;
			sourceTree = "<group>";
		};
		98880B352DCA5C77007D255F /* pressboxTests */ = {
			isa = PBXFileSystemSynchronizedRootGroup;
			path = pressboxTests;
			sourceTree = "<group>";
		};
		98880B3F2DCA5C77007D255F /* pressboxUITests */ = {
			isa = PBXFileSystemSynchronizedRootGroup;
			path = pressboxUITests;
			sourceTree = "<group>";
		};
/* End PBXFileSystemSynchronizedRootGroup section */

/* Begin PBXFrameworksBuildPhase section */
		98880B1C2DCA5C74007D255F /* Frameworks */ = {
			isa = PBXFrameworksBuildPhase;
			buildActionMask = 2147483647;
			files = (
			);
			runOnlyForDeploymentPostprocessing = 0;
		};
		98880B2F2DCA5C77007D255F /* Frameworks */ = {
			isa = PBXFrameworksBuildPhase;
			buildActionMask = 2147483647;
			files = (
			);
			runOnlyForDeploymentPostprocessing = 0;
		};
		98880B392DCA5C77007D255F /* Frameworks */ = {
			isa = PBXFrameworksBuildPhase;
			buildActionMask = 2147483647;
			files = (
			);
			runOnlyForDeploymentPostprocessing = 0;
		};
/* End PBXFrameworksBuildPhase section */

/* Begin PBXGroup section */
		98880B162DCA5C74007D255F = {
			isa = PBXGroup;
			children = (
				98880B212DCA5C74007D255F /* pressbox */,
				98880B352DCA5C77007D255F /* pressboxTests */,
				98880B3F2DCA5C77007D255F /* pressboxUITests */,
				98880B202DCA5C74007D255F /* Products */,
			);
			sourceTree = "<group>";
		};
		98880B202DCA5C74007D255F /* Products */ = {
			isa = PBXGroup;
			children = (
				98880B1F2DCA5C74007D255F /* pressbox.app */,
				98880B322DCA5C77007D255F /* pressboxTests.xctest */,
				98880B3C2DCA5C77007D255F /* pressboxUITests.xctest */,
			);
			name = Products;
			sourceTree = "<group>";
		};
/* End PBXGroup section */

/* Begin PBXNativeTarget section */
		98880B1E2DCA5C74007D255F /* pressbox */ = {
			isa = PBXNativeTarget;
			buildConfigurationList = 98880B462DCA5C77007D255F /* Build configuration list for PBXNativeTarget "pressbox" */;
			buildPhases = (
				98880B1B2DCA5C74007D255F /* Sources */,
				98880B1C2DCA5C74007D255F /* Frameworks */,
				98880B1D2DCA5C74007D255F /* Resources */,
			);
			buildRules = (
			);
			dependencies = (
			);
			fileSystemSynchronizedGroups = (
				98880B212DCA5C74007D255F /* pressbox */,
			);
			name = pressbox;
			packageProductDependencies = (
			);
			productName = pressbox;
			productReference = 98880B1F2DCA5C74007D255F /* pressbox.app */;
			productType = "com.apple.product-type.application";
		};
		98880B312DCA5C77007D255F /* pressboxTests */ = {
			isa = PBXNativeTarget;
			buildConfigurationList = 98880B492DCA5C77007D255F /* Build configuration list for PBXNativeTarget "pressboxTests" */;
			buildPhases = (
				98880B2E2DCA5C77007D255F /* Sources */,
				98880B2F2DCA5C77007D255F /* Frameworks */,
				98880B302DCA5C77007D255F /* Resources */,
			);
			buildRules = (
			);
			dependencies = (
				98880B342DCA5C77007D255F /* PBXTargetDependency */,
			);
			fileSystemSynchronizedGroups = (
				98880B352DCA5C77007D255F /* pressboxTests */,
			);
			name = pressboxTests;
			packageProductDependencies = (
			);
			productName = pressboxTests;
			productReference = 98880B322DCA5C77007D255F /* pressboxTests.xctest */;
			productType = "com.apple.product-type.bundle.unit-test";
		};
		98880B3B2DCA5C77007D255F /* pressboxUITests */ = {
			isa = PBXNativeTarget;
			buildConfigurationList = 98880B4C2DCA5C77007D255F /* Build configuration list for PBXNativeTarget "pressboxUITests" */;
			buildPhases = (
				98880B382DCA5C77007D255F /* Sources */,
				98880B392DCA5C77007D255F /* Frameworks */,
				98880B3A2DCA5C77007D255F /* Resources */,
			);
			buildRules = (
			);
			dependencies = (
				98880B3E2DCA5C77007D255F /* PBXTargetDependency */,
			);
			fileSystemSynchronizedGroups = (
				98880B3F2DCA5C77007D255F /* pressboxUITests */,
			);
			name = pressboxUITests;
			packageProductDependencies = (
			);
			productName = pressboxUITests;
			productReference = 98880B3C2DCA5C77007D255F /* pressboxUITests.xctest */;
			productType = "com.apple.product-type.bundle.ui-testing";
		};
/* End PBXNativeTarget section */

/* Begin PBXProject section */
		98880B172DCA5C74007D255F /* Project object */ = {
			isa = PBXProject;
			attributes = {
				BuildIndependentTargetsInParallel = 1;
				LastSwiftUpdateCheck = 1630;
				LastUpgradeCheck = 1630;
				TargetAttributes = {
					98880B1E2DCA5C74007D255F = {
						CreatedOnToolsVersion = 16.3;
					};
					98880B312DCA5C77007D255F = {
						CreatedOnToolsVersion = 16.3;
						TestTargetID = 98880B1E2DCA5C74007D255F;
					};
					98880B3B2DCA5C77007D255F = {
						CreatedOnToolsVersion = 16.3;
						TestTargetID = 98880B1E2DCA5C74007D255F;
					};
				};
			};
			buildConfigurationList = 98880B1A2DCA5C74007D255F /* Build configuration list for PBXProject "pressbox" */;
			developmentRegion = en;
			hasScannedForEncodings = 0;
			knownRegions = (
				en,
				Base,
			);
			mainGroup = 98880B162DCA5C74007D255F;
			minimizedProjectReferenceProxies = 1;
			preferredProjectObjectVersion = 77;
			productRefGroup = 98880B202DCA5C74007D255F /* Products */;
			projectDirPath = "";
			projectRoot = "";
			targets = (
				98880B1E2DCA5C74007D255F /* pressbox */,
				98880B312DCA5C77007D255F /* pressboxTests */,
				98880B3B2DCA5C77007D255F /* pressboxUITests */,
			);
		};
/* End PBXProject section */

/* Begin PBXResourcesBuildPhase section */
		98880B1D2DCA5C74007D255F /* Resources */ = {
			isa = PBXResourcesBuildPhase;
			buildActionMask = 2147483647;
			files = (
			);
			runOnlyForDeploymentPostprocessing = 0;
		};
		98880B302DCA5C77007D255F /* Resources */ = {
			isa = PBXResourcesBuildPhase;
			buildActionMask = 2147483647;
			files = (
			);
			runOnlyForDeploymentPostprocessing = 0;
		};
		98880B3A2DCA5C77007D255F /* Resources */ = {
			isa = PBXResourcesBuildPhase;
			buildActionMask = 2147483647;
			files = (
			);
			runOnlyForDeploymentPostprocessing = 0;
		};
/* End PBXResourcesBuildPhase section */

/* Begin PBXSourcesBuildPhase section */
		98880B1B2DCA5C74007D255F /* Sources */ = {
			isa = PBXSourcesBuildPhase;
			buildActionMask = 2147483647;
			files = (
			);
			runOnlyForDeploymentPostprocessing = 0;
		};
		98880B2E2DCA5C77007D255F /* Sources */ = {
			isa = PBXSourcesBuildPhase;
			buildActionMask = 2147483647;
			files = (
			);
			runOnlyForDeploymentPostprocessing = 0;
		};
		98880B382DCA5C77007D255F /* Sources */ = {
			isa = PBXSourcesBuildPhase;
			buildActionMask = 2147483647;
			files = (
			);
			runOnlyForDeploymentPostprocessing = 0;
		};
/* End PBXSourcesBuildPhase section */

/* Begin PBXTargetDependency section */
		98880B342DCA5C77007D255F /* PBXTargetDependency */ = {
			isa = PBXTargetDependency;
			target = 98880B1E2DCA5C74007D255F /* pressbox */;
			targetProxy = 98880B332DCA5C77007D255F /* PBXContainerItemProxy */;
		};
		98880B3E2DCA5C77007D255F /* PBXTargetDependency */ = {
			isa = PBXTargetDependency;
			target = 98880B1E2DCA5C74007D255F /* pressbox */;
			targetProxy = 98880B3D2DCA5C77007D255F /* PBXContainerItemProxy */;
		};
/* End PBXTargetDependency section */

/* Begin XCBuildConfiguration section */
		98880B442DCA5C77007D255F /* Debug */ = {
			isa = XCBuildConfiguration;
			buildSettings = {
				ALWAYS_SEARCH_USER_PATHS = NO;
				ASSETCATALOG_COMPILER_GENERATE_SWIFT_ASSET_SYMBOL_EXTENSIONS = YES;
				CLANG_ANALYZER_NONNULL = YES;
				CLANG_ANALYZER_NUMBER_OBJECT_CONVERSION = YES_AGGRESSIVE;
				CLANG_CXX_LANGUAGE_STANDARD = "gnu++20";
				CLANG_ENABLE_MODULES = YES;
				CLANG_ENABLE_OBJC_ARC = YES;
				CLANG_ENABLE_OBJC_WEAK = YES;
				CLANG_WARN_BLOCK_CAPTURE_AUTORELEASING = YES;
				CLANG_WARN_BOOL_CONVERSION = YES;
				CLANG_WARN_COMMA = YES;
				CLANG_WARN_CONSTANT_CONVERSION = YES;
				CLANG_WARN_DEPRECATED_OBJC_IMPLEMENTATIONS = YES;
				CLANG_WARN_DIRECT_OBJC_ISA_USAGE = YES_ERROR;
				CLANG_WARN_DOCUMENTATION_COMMENTS = YES;
				CLANG_WARN_EMPTY_BODY = YES;
				CLANG_WARN_ENUM_CONVERSION = YES;
				CLANG_WARN_INFINITE_RECURSION = YES;
				CLANG_WARN_INT_CONVERSION = YES;
				CLANG_WARN_NON_LITERAL_NULL_CONVERSION = YES;
				CLANG_WARN_OBJC_IMPLICIT_RETAIN_SELF = YES;
				CLANG_WARN_OBJC_LITERAL_CONVERSION = YES;
				CLANG_WARN_OBJC_ROOT_CLASS = YES_ERROR;
				CLANG_WARN_QUOTED_INCLUDE_IN_FRAMEWORK_HEADER = YES;
				CLANG_WARN_RANGE_LOOP_ANALYSIS = YES;
				CLANG_WARN_STRICT_PROTOTYPES = YES;
				CLANG_WARN_SUSPICIOUS_MOVE = YES;
				CLANG_WARN_UNGUARDED_AVAILABILITY = YES_AGGRESSIVE;
				CLANG_WARN_UNREACHABLE_CODE = YES;
				CLANG_WARN__DUPLICATE_METHOD_MATCH = YES;
				COPY_PHASE_STRIP = NO;
				DEBUG_INFORMATION_FORMAT = dwarf;
				ENABLE_STRICT_OBJC_MSGSEND = YES;
				ENABLE_TESTABILITY = YES;
				ENABLE_USER_SCRIPT_SANDBOXING = YES;
				GCC_C_LANGUAGE_STANDARD = gnu17;
				GCC_DYNAMIC_NO_PIC = NO;
				GCC_NO_COMMON_BLOCKS = YES;
				GCC_OPTIMIZATION_LEVEL = 0;
				GCC_PREPROCESSOR_DEFINITIONS = (
					"DEBUG=1",
					"$(inherited)",
				);
				GCC_WARN_64_TO_32_BIT_CONVERSION = YES;
				GCC_WARN_ABOUT_RETURN_TYPE = YES_ERROR;
				GCC_WARN_UNDECLARED_SELECTOR = YES;
				GCC_WARN_UNINITIALIZED_AUTOS = YES_AGGRESSIVE;
				GCC_WARN_UNUSED_FUNCTION = YES;
				GCC_WARN_UNUSED_VARIABLE = YES;
				LOCALIZATION_PREFERS_STRING_CATALOGS = YES;
				MACOSX_DEPLOYMENT_TARGET = 15.3;
				MTL_ENABLE_DEBUG_INFO = INCLUDE_SOURCE;
				MTL_FAST_MATH = YES;
				ONLY_ACTIVE_ARCH = YES;
				SDKROOT = macosx;
				SWIFT_ACTIVE_COMPILATION_CONDITIONS = "DEBUG $(inherited)";
				SWIFT_OPTIMIZATION_LEVEL = "-Onone";
			};
			name = Debug;
		};
		98880B452DCA5C77007D255F /* Release */ = {
			isa = XCBuildConfiguration;
			buildSettings = {
				ALWAYS_SEARCH_USER_PATHS = NO;
				ASSETCATALOG_COMPILER_GENERATE_SWIFT_ASSET_SYMBOL_EXTENSIONS = YES;
				CLANG_ANALYZER_NONNULL = YES;
				CLANG_ANALYZER_NUMBER_OBJECT_CONVERSION = YES_AGGRESSIVE;
				CLANG_CXX_LANGUAGE_STANDARD = "gnu++20";
				CLANG_ENABLE_MODULES = YES;
				CLANG_ENABLE_OBJC_ARC = YES;
				CLANG_ENABLE_OBJC_WEAK = YES;
				CLANG_WARN_BLOCK_CAPTURE_AUTORELEASING = YES;
				CLANG_WARN_BOOL_CONVERSION = YES;
				CLANG_WARN_COMMA = YES;
				CLANG_WARN_CONSTANT_CONVERSION = YES;
				CLANG_WARN_DEPRECATED_OBJC_IMPLEMENTATIONS = YES;
				CLANG_WARN_DIRECT_OBJC_ISA_USAGE = YES_ERROR;
				CLANG_WARN_DOCUMENTATION_COMMENTS = YES;
				CLANG_WARN_EMPTY_BODY = YES;
				CLANG_WARN_ENUM_CONVERSION = YES;
				CLANG_WARN_INFINITE_RECURSION = YES;
				CLANG_WARN_INT_CONVERSION = YES;
				CLANG_WARN_NON_LITERAL_NULL_CONVERSION = YES;
				CLANG_WARN_OBJC_IMPLICIT_RETAIN_SELF = YES;
				CLANG_WARN_OBJC_LITERAL_CONVERSION = YES;
				CLANG_WARN_OBJC_ROOT_CLASS = YES_ERROR;
				CLANG_WARN_QUOTED_INCLUDE_IN_FRAMEWORK_HEADER = YES;
				CLANG_WARN_RANGE_LOOP_ANALYSIS = YES;
				CLANG_WARN_STRICT_PROTOTYPES = YES;
				CLANG_WARN_SUSPICIOUS_MOVE = YES;
				CLANG_WARN_UNGUARDED_AVAILABILITY = YES_AGGRESSIVE;
				CLANG_WARN_UNREACHABLE_CODE = YES;
				CLANG_WARN__DUPLICATE_METHOD_MATCH = YES;
				COPY_PHASE_STRIP = NO;
				DEBUG_INFORMATION_FORMAT = "dwarf-with-dsym";
				ENABLE_NS_ASSERTIONS = NO;
				ENABLE_STRICT_OBJC_MSGSEND = YES;
				ENABLE_USER_SCRIPT_SANDBOXING = YES;
				GCC_C_LANGUAGE_STANDARD = gnu17;
				GCC_NO_COMMON_BLOCKS = YES;
				GCC_WARN_64_TO_32_BIT_CONVERSION = YES;
				GCC_WARN_ABOUT_RETURN_TYPE = YES_ERROR;
				GCC_WARN_UNDECLARED_SELECTOR = YES;
				GCC_WARN_UNINITIALIZED_AUTOS = YES_AGGRESSIVE;
				GCC_WARN_UNUSED_FUNCTION = YES;
				GCC_WARN_UNUSED_VARIABLE = YES;
				LOCALIZATION_PREFERS_STRING_CATALOGS = YES;
				MACOSX_DEPLOYMENT_TARGET = 15.3;
				MTL_ENABLE_DEBUG_INFO = NO;
				MTL_FAST_MATH = YES;
				SDKROOT = macosx;
				SWIFT_COMPILATION_MODE = wholemodule;
			};
			name = Release;
		};
		98880B472DCA5C77007D255F /* Debug */ = {
			isa = XCBuildConfiguration;
			buildSettings = {
				ASSETCATALOG_COMPILER_APPICON_NAME = AppIcon;
				ASSETCATALOG_COMPILER_GLOBAL_ACCENT_COLOR_NAME = AccentColor;
				CODE_SIGN_ENTITLEMENTS = pressbox/pressbox.entitlements;
				CODE_SIGN_STYLE = Automatic;
				COMBINE_HIDPI_IMAGES = YES;
				CURRENT_PROJECT_VERSION = 1;
				ENABLE_PREVIEWS = YES;
				GENERATE_INFOPLIST_FILE = YES;
				INFOPLIST_KEY_NSHumanReadableCopyright = "";
				LD_RUNPATH_SEARCH_PATHS = (
					"$(inherited)",
					"@executable_path/../Frameworks",
				);
				MARKETING_VERSION = 1.0;
				PRODUCT_BUNDLE_IDENTIFIER = dxcloud.pressbox;
				PRODUCT_NAME = "$(TARGET_NAME)";
				REGISTER_APP_GROUPS = YES;
				SWIFT_EMIT_LOC_STRINGS = YES;
				SWIFT_VERSION = 5.0;
			};
			name = Debug;
		};
		98880B482DCA5C77007D255F /* Release */ = {
			isa = XCBuildConfiguration;
			buildSettings = {
				ASSETCATALOG_COMPILER_APPICON_NAME = AppIcon;
				ASSETCATALOG_COMPILER_GLOBAL_ACCENT_COLOR_NAME = AccentColor;
				CODE_SIGN_ENTITLEMENTS = pressbox/pressbox.entitlements;
				CODE_SIGN_STYLE = Automatic;
				COMBINE_HIDPI_IMAGES = YES;
				CURRENT_PROJECT_VERSION = 1;
				ENABLE_PREVIEWS = YES;
				GENERATE_INFOPLIST_FILE = YES;
				INFOPLIST_KEY_NSHumanReadableCopyright = "";
				LD_RUNPATH_SEARCH_PATHS = (
					"$(inherited)",
					"@executable_path/../Frameworks",
				);
				MARKETING_VERSION = 1.0;
				PRODUCT_BUNDLE_IDENTIFIER = dxcloud.pressbox;
				PRODUCT_NAME = "$(TARGET_NAME)";
				REGISTER_APP_GROUPS = YES;
				SWIFT_EMIT_LOC_STRINGS = YES;
				SWIFT_VERSION = 5.0;
			};
			name = Release;
		};
		98880B4A2DCA5C77007D255F /* Debug */ = {
			isa = XCBuildConfiguration;
			buildSettings = {
				BUNDLE_LOADER = "$(TEST_HOST)";
				CODE_SIGN_STYLE = Automatic;
				CURRENT_PROJECT_VERSION = 1;
				GENERATE_INFOPLIST_FILE = YES;
				MACOSX_DEPLOYMENT_TARGET = 15.3;
				MARKETING_VERSION = 1.0;
				PRODUCT_BUNDLE_IDENTIFIER = dxcloud.pressboxTests;
				PRODUCT_NAME = "$(TARGET_NAME)";
				SWIFT_EMIT_LOC_STRINGS = NO;
				SWIFT_VERSION = 5.0;
				TEST_HOST = "$(BUILT_PRODUCTS_DIR)/pressbox.app/$(BUNDLE_EXECUTABLE_FOLDER_PATH)/pressbox";
			};
			name = Debug;
		};
		98880B4B2DCA5C77007D255F /* Release */ = {
			isa = XCBuildConfiguration;
			buildSettings = {
				BUNDLE_LOADER = "$(TEST_HOST)";
				CODE_SIGN_STYLE = Automatic;
				CURRENT_PROJECT_VERSION = 1;
				GENERATE_INFOPLIST_FILE = YES;
				MACOSX_DEPLOYMENT_TARGET = 15.3;
				MARKETING_VERSION = 1.0;
				PRODUCT_BUNDLE_IDENTIFIER = dxcloud.pressboxTests;
				PRODUCT_NAME = "$(TARGET_NAME)";
				SWIFT_EMIT_LOC_STRINGS = NO;
				SWIFT_VERSION = 5.0;
				TEST_HOST = "$(BUILT_PRODUCTS_DIR)/pressbox.app/$(BUNDLE_EXECUTABLE_FOLDER_PATH)/pressbox";
			};
			name = Release;
		};
		98880B4D2DCA5C77007D255F /* Debug */ = {
			isa = XCBuildConfiguration;
			buildSettings = {
				CODE_SIGN_STYLE = Automatic;
				CURRENT_PROJECT_VERSION = 1;
				GENERATE_INFOPLIST_FILE = YES;
				MARKETING_VERSION = 1.0;
				PRODUCT_BUNDLE_IDENTIFIER = dxcloud.pressboxUITests;
				PRODUCT_NAME = "$(TARGET_NAME)";
				SWIFT_EMIT_LOC_STRINGS = NO;
				SWIFT_VERSION = 5.0;
				TEST_TARGET_NAME = pressbox;
			};
			name = Debug;
		};
		98880B4E2DCA5C77007D255F /* Release */ = {
			isa = XCBuildConfiguration;
			buildSettings = {
				CODE_SIGN_STYLE = Automatic;
				CURRENT_PROJECT_VERSION = 1;
				GENERATE_INFOPLIST_FILE = YES;
				MARKETING_VERSION = 1.0;
				PRODUCT_BUNDLE_IDENTIFIER = dxcloud.pressboxUITests;
				PRODUCT_NAME = "$(TARGET_NAME)";
				SWIFT_EMIT_LOC_STRINGS = NO;
				SWIFT_VERSION = 5.0;
				TEST_TARGET_NAME = pressbox;
			};
			name = Release;
		};
/* End XCBuildConfiguration section */

/* Begin XCConfigurationList section */
		98880B1A2DCA5C74007D255F /* Build configuration list for PBXProject "pressbox" */ = {
			isa = XCConfigurationList;
			buildConfigurations = (
				98880B442DCA5C77007D255F /* Debug */,
				98880B452DCA5C77007D255F /* Release */,
			);
			defaultConfigurationIsVisible = 0;
			defaultConfigurationName = Release;
		};
		98880B462DCA5C77007D255F /* Build configuration list for PBXNativeTarget "pressbox" */ = {
			isa = XCConfigurationList;
			buildConfigurations = (
				98880B472DCA5C77007D255F /* Debug */,
				98880B482DCA5C77007D255F /* Release */,
			);
			defaultConfigurationIsVisible = 0;
			defaultConfigurationName = Release;
		};
		98880B492DCA5C77007D255F /* Build configuration list for PBXNativeTarget "pressboxTests" */ = {
			isa = XCConfigurationList;
			buildConfigurations = (
				98880B4A2DCA5C77007D255F /* Debug */,
				98880B4B2DCA5C77007D255F /* Release */,
			);
			defaultConfigurationIsVisible = 0;
			defaultConfigurationName = Release;
		};
		98880B4C2DCA5C77007D255F /* Build configuration list for PBXNativeTarget "pressboxUITests" */ = {
			isa = XCConfigurationList;
			buildConfigurations = (
				98880B4D2DCA5C77007D255F /* Debug */,
				98880B4E2DCA5C77007D255F /* Release */,
			);
			defaultConfigurationIsVisible = 0;
			defaultConfigurationName = Release;
		};
/* End XCConfigurationList section */
	};
	rootObject = 98880B172DCA5C74007D255F /* Project object */;
}
